
Microsoft Visual Studio Solution File, Format Version 12.00
# Visual Studio Version 16
VisualStudioVersion = 16.0.30503.244
MinimumVisualStudioVersion = 10.0.40219.1
Project("{2150E333-8FDC-42A3-9474-1A3956D46DE8}") = "Web", "Web", "{47A5FD4C-C39B-4CEA-9C50-A3C1FC48D8C5}"
EndProject
Project("{FAE04EC0-301F-11D3-BF4B-00C04F79EFBC}") = "PUSG.Web", "Web\PUSG.Web\PUSG.Web.csproj", "{857A6695-1197-414D-A965-F4317B1DF3DC}"
EndProject
Global
	GlobalSection(SolutionConfigurationPlatforms) = preSolution
		Debug|Any CPU = Debug|Any CPU
		Release|Any CPU = Release|Any CPU
	EndGlobalSection
	GlobalSection(ProjectConfigurationPlatforms) = postSolution
		{857A6695-1197-414D-A965-F4317B1DF3DC}.Debug|Any CPU.ActiveCfg = Debug|Any CPU
		{857A6695-1197-414D-A965-F4317B1DF3DC}.Debug|Any CPU.Build.0 = Debug|Any CPU
		{857A6695-1197-414D-A965-F4317B1DF3DC}.Release|Any CPU.ActiveCfg = Release|Any CPU
		{857A6695-1197-414D-A965-F4317B1DF3DC}.Release|Any CPU.Build.0 = Release|Any CPU
	EndGlobalSection
	GlobalSection(SolutionProperties) = preSolution
		HideSolutionNode = FALSE
	EndGlobalSection
	GlobalSection(NestedProjects) = preSolution
		{857A6695-1197-414D-A965-F4317B1DF3DC} = {47A5FD4C-C39B-4CEA-9C50-A3C1FC48D8C5}
	EndGlobalSection
	GlobalSection(ExtensibilityGlobals) = postSolution
		SolutionGuid = {7E1B16DC-B8EE-480F-8B57-EFE355970905}
	EndGlobalSection
EndGlobal
